// !$*UTF8*$!
{
	archiveVersion = 1;
	classes = {
	};
	objectVersion = 46;
	objects = {

/* Begin PBXBuildFile section */
		85CBC5AF1EE0B0F400C21848 /* AppDelegate.swift in Sources */ = {isa = PBXBuildFile; fileRef = 85CBC5AE1EE0B0F400C21848 /* AppDelegate.swift */; };
		85CBC5B11EE0B0F400C21848 /* ViewController.swift in Sources */ = {isa = PBXBuildFile; fileRef = 85CBC5B01EE0B0F400C21848 /* ViewController.swift */; };
		85CBC5B41EE0B0F400C21848 /* Main.storyboard in Resources */ = {isa = PBXBuildFile; fileRef = 85CBC5B21EE0B0F400C21848 /* Main.storyboard */; };
		85CBC5B61EE0B0F400C21848 /* Assets.xcassets in Resources */ = {isa = PBXBuildFile; fileRef = 85CBC5B51EE0B0F400C21848 /* Assets.xcassets */; };
		85CBC5B91EE0B0F400C21848 /* LaunchScreen.storyboard in Resources */ = {isa = PBXBuildFile; fileRef = 85CBC5B71EE0B0F400C21848 /* LaunchScreen.storyboard */; };
		85CBC5C21EE0B11700C21848 /* CoreLocation.framework in Frameworks */ = {isa = PBXBuildFile; fileRef = 85CBC5C11EE0B11700C21848 /* CoreLocation.framework */; };
/* End PBXBuildFile section */

/* Begin PBXFileReference section */
		85CBC5AB1EE0B0F400C21848 /* locationAware.app */ = {isa = PBXFileReference; explicitFileType = wrapper.application; includeInIndex = 0; path = locationAware.app; sourceTree = BUILT_PRODUCTS_DIR; };
		85CBC5AE1EE0B0F400C21848 /* AppDelegate.swift */ = {isa = PBXFileReference; lastKnownFileType = sourcecode.swift; path = AppDelegate.swift; sourceTree = "<group>"; };
		85CBC5B01EE0B0F400C21848 /* ViewController.swift */ = {isa = PBXFileReference; lastKnownFileType = sourcecode.swift; path = ViewController.swift; sourceTree = "<group>"; };
		85CBC5B31EE0B0F400C21848 /* Base */ = {isa = PBXFileReference; lastKnownFileType = file.storyboard; name = Base; path = Base.lproj/Main.storyboard; sourceTree = "<group>"; };
		85CBC5B51EE0B0F400C21848 /* Assets.xcassets */ = {isa = PBXFileReference; lastKnownFileType = folder.assetcatalog; path = Assets.xcassets; sourceTree = "<group>"; };
		85CBC5B81EE0B0F400C21848 /* Base */ = {isa = PBXFileReference; lastKnownFileType = file.storyboard; name = Base; path = Base.lproj/LaunchScreen.storyboard; sourceTree = "<group>"; };
		85CBC5BA1EE0B0F400C21848 /* Info.plist */ = {isa = PBXFileReference; lastKnownFileType = text.plist.xml; path = Info.plist; sourceTree = "<group>"; };
		85CBC5C11EE0B11700C21848 /* CoreLocation.framework */ = {isa = PBXFileReference; lastKnownFileType = wrapper.framework; name = CoreLocation.framework; path = System/Library/Frameworks/CoreLocation.framework; sourceTree = SDKROOT; };
/* End PBXFileReference section */

/* Begin PBXFrameworksBuildPhase section */
		85CBC5A81EE0B0F400C21848 /* Frameworks */ = {
			isa = PBXFrameworksBuildPhase;
			buildActionMask = 2147483647;
			files = (
				85CBC5C21EE0B11700C21848 /* CoreLocation.framework in Frameworks */,
			);
			runOnlyForDeploymentPostprocessing = 0;
		};
/* End PBXFrameworksBuildPhase section */

/* Begin PBXGroup section */
		85CBC5A21EE0B0F400C21848 = {
			isa = PBXGroup;
			children = (
				85CBC5AD1EE0B0F400C21848 /* locationAware */,
				85CBC5AC1EE0B0F400C21848 /* Products */,
				85CBC5C01EE0B11600C21848 /* Frameworks */,
			);
			sourceTree = "<group>";
		};
		85CBC5AC1EE0B0F400C21848 /* Products */ = {
			isa = PBXGroup;
			children = (
				85CBC5AB1EE0B0F400C21848 /* locationAware.app */,
			);
			name = Products;
			sourceTree = "<group>";
		};
		85CBC5AD1EE0B0F400C21848 /* locationAware */ = {
			isa = PBXGroup;
			children = (
				85CBC5AE1EE0B0F400C21848 /* AppDelegate.swift */,
				85CBC5B01EE0B0F400C21848 /* ViewController.swift */,
				85CBC5B21EE0B0F400C21848 /* Main.storyboard */,
				85CBC5B51EE0B0F400C21848 /* Assets.xcassets */,
				85CBC5B71EE0B0F400C21848 /* LaunchScreen.storyboard */,
				85CBC5BA1EE0B0F400C21848 /* Info.plist */,
			);
			path = locationAware;
			sourceTree = "<group>";
		};
		85CBC5C01EE0B11600C21848 /* Frameworks */ = {
			isa = PBXGroup;
			children = (
				85CBC5C11EE0B11700C21848 /* CoreLocation.framework */,
			);
			name = Frameworks;
			sourceTree = "<group>";
		};
/* End PBXGroup section */

/* Begin PBXNativeTarget section */
		85CBC5AA1EE0B0F400C21848 /* locationAware */ = {
			isa = PBXNativeTarget;
			buildConfigurationList = 85CBC5BD1EE0B0F400C21848 /* Build configuration list for PBXNativeTarget "locationAware" */;
			buildPhases = (
				85CBC5A71EE0B0F400C21848 /* Sources */,
				85CBC5A81EE0B0F400C21848 /* Frameworks */,
				85CBC5A91EE0B0F400C21848 /* Resources */,
			);
			buildRules = (
			);
			dependencies = (
			);
			name = locationAware;
			productName = locationAware;
			productReference = 85CBC5AB1EE0B0F400C21848 /* locationAware.app */;
			productType = "com.apple.product-type.application";
		};
/* End PBXNativeTarget section */

/* Begin PBXProject section */
		85CBC5A31EE0B0F400C21848 /* Project object */ = {
			isa = PBXProject;
			attributes = {
				LastSwiftUpdateCheck = 0820;
				LastUpgradeCheck = 0820;
				ORGANIZATIONNAME = "jackson Meyer";
				TargetAttributes = {
					85CBC5AA1EE0B0F400C21848 = {
						CreatedOnToolsVersion = 8.2.1;
						DevelopmentTeam = C335HXA92D;
						ProvisioningStyle = Automatic;
					};
				};
			};
			buildConfigurationList = 85CBC5A61EE0B0F400C21848 /* Build configuration list for PBXProject "locationAware" */;
			compatibilityVersion = "Xcode 3.2";
			developmentRegion = English;
			hasScannedForEncodings = 0;
			knownRegions = (
				en,
				Base,
			);
			mainGroup = 85CBC5A21EE0B0F400C21848;
			productRefGroup = 85CBC5AC1EE0B0F400C21848 /* Products */;
			projectDirPath = "";
			projectRoot = "";
			targets = (
				85CBC5AA1EE0B0F400C21848 /* locationAware */,
			);
		};
/* End PBXProject section */

/* Begin PBXResourcesBuildPhase section */
		85CBC5A91EE0B0F400C21848 /* Resources */ = {
			isa = PBXResourcesBuildPhase;
			buildActionMask = 2147483647;
			files = (
				85CBC5B91EE0B0F400C21848 /* LaunchScreen.storyboard in Resources */,
				85CBC5B61EE0B0F400C21848 /* Assets.xcassets in Resources */,
				85CBC5B41EE0B0F400C21848 /* Main.storyboard in Resources */,
			);
			runOnlyForDeploymentPostprocessing = 0;
		};
/* End PBXResourcesBuildPhase section */

/* Begin PBXSourcesBuildPhase section */
		85CBC5A71EE0B0F400C21848 /* Sources */ = {
			isa = PBXSourcesBuildPhase;
			buildActionMask = 2147483647;
			files = (
				85CBC5B11EE0B0F400C21848 /* ViewController.swift in Sources */,
				85CBC5AF1EE0B0F400C21848 /* AppDelegate.swift in Sources */,
			);
			runOnlyForDeploymentPostprocessing = 0;
		};
/* End PBXSourcesBuildPhase section */

/* Begin PBXVariantGroup section */
		85CBC5B21EE0B0F400C21848 /* Main.storyboard */ = {
			isa = PBXVariantGroup;
			children = (
				85CBC5B31EE0B0F400C21848 /* Base */,
			);
			name = Main.storyboard;
			sourceTree = "<group>";
		};
		85CBC5B71EE0B0F400C21848 /* LaunchScreen.storyboard */ = {
			isa = PBXVariantGroup;
			children = (
				85CBC5B81EE0B0F400C21848 /* Base */,
			);
			name = LaunchScreen.storyboard;
			sourceTree = "<group>";
		};
/* End PBXVariantGroup section */

/* Begin XCBuildConfiguration section */
		85CBC5BB1EE0B0F400C21848 /* Debug */ = {
			isa = XCBuildConfiguration;
			buildSettings = {
				ALWAYS_SEARCH_USER_PATHS = NO;
				CLANG_ANALYZER_NONNULL = YES;
				CLANG_CXX_LANGUAGE_STANDARD = "gnu++0x";
				CLANG_CXX_LIBRARY = "libc++";
				CLANG_ENABLE_MODULES = YES;
				CLANG_ENABLE_OBJC_ARC = YES;
				CLANG_WARN_BOOL_CONVERSION = YES;
				CLANG_WARN_CONSTANT_CONVERSION = YES;
				CLANG_WARN_DIRECT_OBJC_ISA_USAGE = YES_ERROR;
				CLANG_WARN_DOCUMENTATION_COMMENTS = YES;
				CLANG_WARN_EMPTY_BODY = YES;
				CLANG_WARN_ENUM_CONVERSION = YES;
				CLANG_WARN_INFINITE_RECURSION = YES;
				CLANG_WARN_INT_CONVERSION = YES;
				CLANG_WARN_OBJC_ROOT_CLASS = YES_ERROR;
				CLANG_WARN_SUSPICIOUS_MOVE = YES;
				CLANG_WARN_UNREACHABLE_CODE = YES;
				CLANG_WARN__DUPLICATE_METHOD_MATCH = YES;
				"CODE_SIGN_IDENTITY[sdk=iphoneos*]" = "iPhone Developer";
				COPY_PHASE_STRIP = NO;
				DEBUG_INFORMATION_FORMAT = dwarf;
				ENABLE_STRICT_OBJC_MSGSEND = YES;
				ENABLE_TESTABILITY = YES;
				GCC_C_LANGUAGE_STANDARD = gnu99;
				GCC_DYNAMIC_NO_PIC = NO;
				GCC_NO_COMMON_BLOCKS = YES;
				GCC_OPTIMIZATION_LEVEL = 0;
				GCC_PREPROCESSOR_DEFINITIONS = (
					"DEBUG=1",
					"$(inherited)",
				);
				GCC_WARN_64_TO_32_BIT_CONVERSION = YES;
				GCC_WARN_ABOUT_RETURN_TYPE = YES_ERROR;
				GCC_WARN_UNDECLARED_SELECTOR = YES;
				GCC_WARN_UNINITIALIZED_AUTOS = YES_AGGRESSIVE;
				GCC_WARN_UNUSED_FUNCTION = YES;
				GCC_WARN_UNUSED_VARIABLE = YES;
				IPHONEOS_DEPLOYMENT_TARGET = 10.2;
				MTL_ENABLE_DEBUG_INFO = YES;
				ONLY_ACTIVE_ARCH = YES;
				SDKROOT = iphoneos;
				SWIFT_ACTIVE_COMPILATION_CONDITIONS = DEBUG;
				SWIFT_OPTIMIZATION_LEVEL = "-Onone";
				TARGETED_DEVICE_FAMILY = "1,2";
			};
			name = Debug;
		};
		85CBC5BC1EE0B0F400C21848 /* Release */ = {
			isa = XCBuildConfiguration;
			buildSettings = {
				ALWAYS_SEARCH_USER_PATHS = NO;
				CLANG_ANALYZER_NONNULL = YES;
				CLANG_CXX_LANGUAGE_STANDARD = "gnu++0x";
				CLANG_CXX_LIBRARY = "libc++";
				CLANG_ENABLE_MODULES = YES;
				CLANG_ENABLE_OBJC_ARC = YES;
				CLANG_WARN_BOOL_CONVERSION = YES;
				CLANG_WARN_CONSTANT_CONVERSION = YES;
				CLANG_WARN_DIRECT_OBJC_ISA_USAGE = YES_ERROR;
				CLANG_WARN_DOCUMENTATION_COMMENTS = YES;
				CLANG_WARN_EMPTY_BODY = YES;
				CLANG_WARN_ENUM_CONVERSION = YES;
				CLANG_WARN_INFINITE_RECURSION = YES;
				CLANG_WARN_INT_CONVERSION = YES;
				CLANG_WARN_OBJC_ROOT_CLASS = YES_ERROR;
				CLANG_WARN_SUSPICIOUS_MOVE = YES;
				CLANG_WARN_UNREACHABLE_CODE = YES;
				CLANG_WARN__DUPLICATE_METHOD_MATCH = YES;
				"CODE_SIGN_IDENTITY[sdk=iphoneos*]" = "iPhone Developer";
				COPY_PHASE_STRIP = NO;
				DEBUG_INFORMATION_FORMAT = "dwarf-with-dsym";
				ENABLE_NS_ASSERTIONS = NO;
				ENABLE_STRICT_OBJC_MSGSEND = YES;
				GCC_C_LANGUAGE_STANDARD = gnu99;
				GCC_NO_COMMON_BLOCKS = YES;
				GCC_WARN_64_TO_32_BIT_CONVERSION = YES;
				GCC_WARN_ABOUT_RETURN_TYPE = YES_ERROR;
				GCC_WARN_UNDECLARED_SELECTOR = YES;
				GCC_WARN_UNINITIALIZED_AUTOS = YES_AGGRESSIVE;
				GCC_WARN_UNUSED_FUNCTION = YES;
				GCC_WARN_UNUSED_VARIABLE = YES;
				IPHONEOS_DEPLOYMENT_TARGET = 10.2;
				MTL_ENABLE_DEBUG_INFO = NO;
				SDKROOT = iphoneos;
				SWIFT_OPTIMIZATION_LEVEL = "-Owholemodule";
				TARGETED_DEVICE_FAMILY = "1,2";
				VALIDATE_PRODUCT = YES;
			};
			name = Release;
		};
		85CBC5BE1EE0B0F400C21848 /* Debug */ = {
			isa = XCBuildConfiguration;
			buildSettings = {
				ASSETCATALOG_COMPILER_APPICON_NAME = AppIcon;
				DEVELOPMENT_TEAM = C335HXA92D;
				INFOPLIST_FILE = locationAware/Info.plist;
				LD_RUNPATH_SEARCH_PATHS = "$(inherited) @executable_path/Frameworks";
				PRODUCT_BUNDLE_IDENTIFIER = com.jacksonmeyer.locationAware;
				PRODUCT_NAME = "$(TARGET_NAME)";
				SWIFT_VERSION = 3.0;
			};
			name = Debug;
		};
		85CBC5BF1EE0B0F400C21848 /* Release */ = {
			isa = XCBuildConfiguration;
			buildSettings = {
				ASSETCATALOG_COMPILER_APPICON_NAME = AppIcon;
				DEVELOPMENT_TEAM = C335HXA92D;
				INFOPLIST_FILE = locationAware/Info.plist;
				LD_RUNPATH_SEARCH_PATHS = "$(inherited) @executable_path/Frameworks";
				PRODUCT_BUNDLE_IDENTIFIER = com.jacksonmeyer.locationAware;
				PRODUCT_NAME = "$(TARGET_NAME)";
				SWIFT_VERSION = 3.0;
			};
			name = Release;
		};
/* End XCBuildConfiguration section */

/* Begin XCConfigurationList section */
		85CBC5A61EE0B0F400C21848 /* Build configuration list for PBXProject "locationAware" */ = {
			isa = XCConfigurationList;
			buildConfigurations = (
				85CBC5BB1EE0B0F400C21848 /* Debug */,
				85CBC5BC1EE0B0F400C21848 /* Release */,
			);
			defaultConfigurationIsVisible = 0;
			defaultConfigurationName = Release;
		};
		85CBC5BD1EE0B0F400C21848 /* Build configuration list for PBXNativeTarget "locationAware" */ = {
			isa = XCConfigurationList;
			buildConfigurations = (
				85CBC5BE1EE0B0F400C21848 /* Debug */,
				85CBC5BF1EE0B0F400C21848 /* Release */,
			);
			defaultConfigurationIsVisible = 0;
		};
/* End XCConfigurationList section */
	};
	rootObject = 85CBC5A31EE0B0F400C21848 /* Project object */;
}
